iconclass: 'fa-facebook'
superhero__block_heading: 'Responsive Design'
superhero__block_heading_url: '#'
superhero__block_para: 'Lid est laborum dolo rumes fugats untras. Etharums ser quidem rerum facilis dolores nemis omnis fugats vitaes nemo minima rerums unsers sadips amets.'
superhero__block_link_url: '#'
superhero__block_link_content: 'Find Out More'
